// !$*UTF8*$!
{
	archiveVersion = 1;
	classes = {
	};
	objectVersion = 48;
	objects = {

/* Begin PBXBuildFile section */
		07B77F8FA4F579B003E78835 /* WidgetKit.framework in Frameworks */ = {isa = PBXBuildFile; fileRef = 79C29FCE9006DD2CACFE9A14 /* WidgetKit.framework */; };
		100E7F198C7B23A505F1F714 /* BarcodeWidget.swift in Sources */ = {isa = PBXBuildFile; fileRef = F0ACB7E5E708271E2C8C2825 /* BarcodeWidget.swift */; };
		2FAD9763203C412B000D30F8 /* config.xml in Resources */ = {isa = PBXBuildFile; fileRef = 2FAD9762203C412B000D30F8 /* config.xml */; };
		3B4D45003468E9854EF5E3C6 /* Foundation.framework in Frameworks */ = {isa = PBXBuildFile; fileRef = 818DAD81C71FBC36CB7CB6DB /* Foundation.framework */; };
		50379B232058CBB4000EE86E /* capacitor.config.json in Resources */ = {isa = PBXBuildFile; fileRef = 50379B222058CBB4000EE86E /* capacitor.config.json */; };
		504EC3081FED79650016851F /* AppDelegate.swift in Sources */ = {isa = PBXBuildFile; fileRef = 504EC3071FED79650016851F /* AppDelegate.swift */; };
		504EC30D1FED79650016851F /* Main.storyboard in Resources */ = {isa = PBXBuildFile; fileRef = 504EC30B1FED79650016851F /* Main.storyboard */; };
		504EC30F1FED79650016851F /* Assets.xcassets in Resources */ = {isa = PBXBuildFile; fileRef = 504EC30E1FED79650016851F /* Assets.xcassets */; };
		504EC3121FED79650016851F /* LaunchScreen.storyboard in Resources */ = {isa = PBXBuildFile; fileRef = 504EC3101FED79650016851F /* LaunchScreen.storyboard */; };
		50B271D11FEDC1A000F3C39B /* public in Resources */ = {isa = PBXBuildFile; fileRef = 50B271D01FEDC1A000F3C39B /* public */; };
		62CE3764822D56C42EBBD02F /* CoreImage.framework in Frameworks */ = {isa = PBXBuildFile; fileRef = 1B8F7115F1E61F81803616C8 /* CoreImage.framework */; };
		A084ECDBA7D38E1E42DFC39D /* Pods_App.framework in Frameworks */ = {isa = PBXBuildFile; fileRef = AF277DCFFFF123FFC6DF26C7 /* Pods_App.framework */; };
		A70E0507DE322D86B25F4B65 /* WidgetSharedData.swift in Sources */ = {isa = PBXBuildFile; fileRef = 39DBE0D8228661B871A58776 /* WidgetSharedData.swift */; };
		B35A5E36C6FF7558A9DD7D11 /* BudgetWidget.swift in Sources */ = {isa = PBXBuildFile; fileRef = C5F91237387F0054E936A5E2 /* BudgetWidget.swift */; };
		B7E1888F15D587D24642622C /* WidgetBridgePlugin.swift in Sources */ = {isa = PBXBuildFile; fileRef = BE87CCBE9C0C630DEED14A8A /* WidgetBridgePlugin.swift */; };
		B8698AD028DDDA9043B861FF /* ExpenseWidgetBundle.swift in Sources */ = {isa = PBXBuildFile; fileRef = 4CAE0A0E91BC68C1A428282A /* ExpenseWidgetBundle.swift */; };
		B9C7093042D7206EB4D2989E /* SwiftUI.framework in Frameworks */ = {isa = PBXBuildFile; fileRef = BA6F07263A29D22E0D6AB3F0 /* SwiftUI.framework */; };
		BCA51B82F8B5E8BA5AD36689 /* ExpenseWidgetsExtension.appex in Embed App Extensions */ = {isa = PBXBuildFile; fileRef = A4B5605CDDBCEF0B1EE14503 /* ExpenseWidgetsExtension.appex */; };
		FD3BEB39A204BD9AEC987AAF /* QuickActionWidget.swift in Sources */ = {isa = PBXBuildFile; fileRef = EC7A8DAC6E9343987F1D15D3 /* QuickActionWidget.swift */; };
		FDF683A86249F7D735186117 /* WidgetBridgePlugin.m in Sources */ = {isa = PBXBuildFile; fileRef = 58725AC543DB7E929AE0B45B /* WidgetBridgePlugin.m */; };
/* End PBXBuildFile section */

/* Begin PBXContainerItemProxy section */
		BD033E91DEE6ACC663CAA432 /* PBXContainerItemProxy */ = {
			isa = PBXContainerItemProxy;
			containerPortal = 504EC2FC1FED79650016851F /* Project object */;
			proxyType = 1;
			remoteGlobalIDString = AF61DFBD567FB14FF268EF60;
			remoteInfo = ExpenseWidgetsExtension;
		};
/* End PBXContainerItemProxy section */

/* Begin PBXCopyFilesBuildPhase section */
		B7151E262BB9A2B44424A8F9 /* Embed App Extensions */ = {
			isa = PBXCopyFilesBuildPhase;
			buildActionMask = 2147483647;
			dstPath = "";
			dstSubfolderSpec = 13;
			files = (
				BCA51B82F8B5E8BA5AD36689 /* ExpenseWidgetsExtension.appex in Embed App Extensions */,
			);
			name = "Embed App Extensions";
			runOnlyForDeploymentPostprocessing = 0;
		};
/* End PBXCopyFilesBuildPhase section */

/* Begin PBXFileReference section */
		1B8F7115F1E61F81803616C8 /* CoreImage.framework */ = {isa = PBXFileReference; lastKnownFileType = wrapper.framework; name = CoreImage.framework; path = Platforms/iPhoneOS.platform/Developer/SDKs/iPhoneOS26.0.sdk/System/Library/Frameworks/CoreImage.framework; sourceTree = DEVELOPER_DIR; };
		2FAD9762203C412B000D30F8 /* config.xml */ = {isa = PBXFileReference; lastKnownFileType = text.xml; path = config.xml; sourceTree = "<group>"; };
		39DBE0D8228661B871A58776 /* WidgetSharedData.swift */ = {isa = PBXFileReference; includeInIndex = 1; lastKnownFileType = sourcecode.swift; path = WidgetSharedData.swift; sourceTree = "<group>"; };
		4CAE0A0E91BC68C1A428282A /* ExpenseWidgetBundle.swift */ = {isa = PBXFileReference; includeInIndex = 1; lastKnownFileType = sourcecode.swift; path = ExpenseWidgetBundle.swift; sourceTree = "<group>"; };
		50379B222058CBB4000EE86E /* capacitor.config.json */ = {isa = PBXFileReference; fileEncoding = 4; lastKnownFileType = text.json; path = capacitor.config.json; sourceTree = "<group>"; };
		504EC3041FED79650016851F /* App.app */ = {isa = PBXFileReference; explicitFileType = wrapper.application; includeInIndex = 0; path = App.app; sourceTree = BUILT_PRODUCTS_DIR; };
		504EC3071FED79650016851F /* AppDelegate.swift */ = {isa = PBXFileReference; lastKnownFileType = sourcecode.swift; path = AppDelegate.swift; sourceTree = "<group>"; };
		504EC30C1FED79650016851F /* Base */ = {isa = PBXFileReference; lastKnownFileType = file.storyboard; name = Base; path = Base.lproj/Main.storyboard; sourceTree = "<group>"; };
		504EC30E1FED79650016851F /* Assets.xcassets */ = {isa = PBXFileReference; lastKnownFileType = folder.assetcatalog; path = Assets.xcassets; sourceTree = "<group>"; };
		504EC3111FED79650016851F /* Base */ = {isa = PBXFileReference; lastKnownFileType = file.storyboard; name = Base; path = Base.lproj/LaunchScreen.storyboard; sourceTree = "<group>"; };
		504EC3131FED79650016851F /* Info.plist */ = {isa = PBXFileReference; lastKnownFileType = text.plist.xml; path = Info.plist; sourceTree = "<group>"; };
		50B271D01FEDC1A000F3C39B /* public */ = {isa = PBXFileReference; lastKnownFileType = folder; path = public; sourceTree = "<group>"; };
		58725AC543DB7E929AE0B45B /* WidgetBridgePlugin.m */ = {isa = PBXFileReference; includeInIndex = 1; lastKnownFileType = sourcecode.c.objc; path = WidgetBridgePlugin.m; sourceTree = "<group>"; };
		698574A11345D27CA46C414E /* Info.plist */ = {isa = PBXFileReference; includeInIndex = 1; lastKnownFileType = text.plist.xml; path = Info.plist; sourceTree = "<group>"; };
		79C29FCE9006DD2CACFE9A14 /* WidgetKit.framework */ = {isa = PBXFileReference; lastKnownFileType = wrapper.framework; name = WidgetKit.framework; path = Platforms/iPhoneOS.platform/Developer/SDKs/iPhoneOS26.0.sdk/System/Library/Frameworks/WidgetKit.framework; sourceTree = DEVELOPER_DIR; };
		818DAD81C71FBC36CB7CB6DB /* Foundation.framework */ = {isa = PBXFileReference; lastKnownFileType = wrapper.framework; name = Foundation.framework; path = Platforms/iPhoneOS.platform/Developer/SDKs/iPhoneOS26.0.sdk/System/Library/Frameworks/Foundation.framework; sourceTree = DEVELOPER_DIR; };
		A4B5605CDDBCEF0B1EE14503 /* ExpenseWidgetsExtension.appex */ = {isa = PBXFileReference; explicitFileType = "wrapper.app-extension"; includeInIndex = 0; path = ExpenseWidgetsExtension.appex; sourceTree = BUILT_PRODUCTS_DIR; };
		AF277DCFFFF123FFC6DF26C7 /* Pods_App.framework */ = {isa = PBXFileReference; explicitFileType = wrapper.framework; includeInIndex = 0; path = Pods_App.framework; sourceTree = BUILT_PRODUCTS_DIR; };
		AF51FD2D460BCFE21FA515B2 /* Pods-App.release.xcconfig */ = {isa = PBXFileReference; includeInIndex = 1; lastKnownFileType = text.xcconfig; name = "Pods-App.release.xcconfig"; path = "Pods/Target Support Files/Pods-App/Pods-App.release.xcconfig"; sourceTree = "<group>"; };
		BA6F07263A29D22E0D6AB3F0 /* SwiftUI.framework */ = {isa = PBXFileReference; lastKnownFileType = wrapper.framework; name = SwiftUI.framework; path = Platforms/iPhoneOS.platform/Developer/SDKs/iPhoneOS26.0.sdk/System/Library/Frameworks/SwiftUI.framework; sourceTree = DEVELOPER_DIR; };
		BE87CCBE9C0C630DEED14A8A /* WidgetBridgePlugin.swift */ = {isa = PBXFileReference; includeInIndex = 1; lastKnownFileType = sourcecode.swift; path = WidgetBridgePlugin.swift; sourceTree = "<group>"; };
		C5F91237387F0054E936A5E2 /* BudgetWidget.swift */ = {isa = PBXFileReference; includeInIndex = 1; lastKnownFileType = sourcecode.swift; path = BudgetWidget.swift; sourceTree = "<group>"; };
		EC7A8DAC6E9343987F1D15D3 /* QuickActionWidget.swift */ = {isa = PBXFileReference; includeInIndex = 1; lastKnownFileType = sourcecode.swift; path = QuickActionWidget.swift; sourceTree = "<group>"; };
		F0ACB7E5E708271E2C8C2825 /* BarcodeWidget.swift */ = {isa = PBXFileReference; includeInIndex = 1; lastKnownFileType = sourcecode.swift; path = BarcodeWidget.swift; sourceTree = "<group>"; };
		FC68EB0AF532CFC21C3344DD /* Pods-App.debug.xcconfig */ = {isa = PBXFileReference; includeInIndex = 1; lastKnownFileType = text.xcconfig; name = "Pods-App.debug.xcconfig"; path = "Pods/Target Support Files/Pods-App/Pods-App.debug.xcconfig"; sourceTree = "<group>"; };
/* End PBXFileReference section */

/* Begin PBXFrameworksBuildPhase section */
		504EC3011FED79650016851F /* Frameworks */ = {
			isa = PBXFrameworksBuildPhase;
			buildActionMask = 2147483647;
			files = (
				A084ECDBA7D38E1E42DFC39D /* Pods_App.framework in Frameworks */,
			);
			runOnlyForDeploymentPostprocessing = 0;
		};
		79DF72322241738FBACB1606 /* Frameworks */ = {
			isa = PBXFrameworksBuildPhase;
			buildActionMask = 2147483647;
			files = (
				3B4D45003468E9854EF5E3C6 /* Foundation.framework in Frameworks */,
				07B77F8FA4F579B003E78835 /* WidgetKit.framework in Frameworks */,
				B9C7093042D7206EB4D2989E /* SwiftUI.framework in Frameworks */,
				62CE3764822D56C42EBBD02F /* CoreImage.framework in Frameworks */,
			);
			runOnlyForDeploymentPostprocessing = 0;
		};
/* End PBXFrameworksBuildPhase section */

/* Begin PBXGroup section */
		144CB6CD6951FF639F046235 /* iOS */ = {
			isa = PBXGroup;
			children = (
				818DAD81C71FBC36CB7CB6DB /* Foundation.framework */,
				79C29FCE9006DD2CACFE9A14 /* WidgetKit.framework */,
				BA6F07263A29D22E0D6AB3F0 /* SwiftUI.framework */,
				1B8F7115F1E61F81803616C8 /* CoreImage.framework */,
			);
			name = iOS;
			sourceTree = "<group>";
		};
		18BA48EA20FC4A12D512F08B /* ExpenseWidgets */ = {
			isa = PBXGroup;
			children = (
				4CAE0A0E91BC68C1A428282A /* ExpenseWidgetBundle.swift */,
				F0ACB7E5E708271E2C8C2825 /* BarcodeWidget.swift */,
				C5F91237387F0054E936A5E2 /* BudgetWidget.swift */,
				EC7A8DAC6E9343987F1D15D3 /* QuickActionWidget.swift */,
				39DBE0D8228661B871A58776 /* WidgetSharedData.swift */,
				698574A11345D27CA46C414E /* Info.plist */,
			);
			name = ExpenseWidgets;
			path = ExpenseWidgets;
			sourceTree = "<group>";
		};
		27E2DDA53C4D2A4D1A88CE4A /* Frameworks */ = {
			isa = PBXGroup;
			children = (
				AF277DCFFFF123FFC6DF26C7 /* Pods_App.framework */,
				144CB6CD6951FF639F046235 /* iOS */,
			);
			name = Frameworks;
			sourceTree = "<group>";
		};
		504EC2FB1FED79650016851F = {
			isa = PBXGroup;
			children = (
				504EC3061FED79650016851F /* App */,
				504EC3051FED79650016851F /* Products */,
				7F8756D8B27F46E3366F6CEA /* Pods */,
				27E2DDA53C4D2A4D1A88CE4A /* Frameworks */,
				18BA48EA20FC4A12D512F08B /* ExpenseWidgets */,
			);
			sourceTree = "<group>";
		};
		504EC3051FED79650016851F /* Products */ = {
			isa = PBXGroup;
			children = (
				504EC3041FED79650016851F /* App.app */,
				A4B5605CDDBCEF0B1EE14503 /* ExpenseWidgetsExtension.appex */,
			);
			name = Products;
			sourceTree = "<group>";
		};
		504EC3061FED79650016851F /* App */ = {
			isa = PBXGroup;
			children = (
				50379B222058CBB4000EE86E /* capacitor.config.json */,
				504EC3071FED79650016851F /* AppDelegate.swift */,
				504EC30B1FED79650016851F /* Main.storyboard */,
				504EC30E1FED79650016851F /* Assets.xcassets */,
				504EC3101FED79650016851F /* LaunchScreen.storyboard */,
				504EC3131FED79650016851F /* Info.plist */,
				2FAD9762203C412B000D30F8 /* config.xml */,
				50B271D01FEDC1A000F3C39B /* public */,
				BE87CCBE9C0C630DEED14A8A /* WidgetBridgePlugin.swift */,
				58725AC543DB7E929AE0B45B /* WidgetBridgePlugin.m */,
			);
			path = App;
			sourceTree = "<group>";
		};
		7F8756D8B27F46E3366F6CEA /* Pods */ = {
			isa = PBXGroup;
			children = (
				FC68EB0AF532CFC21C3344DD /* Pods-App.debug.xcconfig */,
				AF51FD2D460BCFE21FA515B2 /* Pods-App.release.xcconfig */,
			);
			name = Pods;
			sourceTree = "<group>";
		};
/* End PBXGroup section */

/* Begin PBXNativeTarget section */
		504EC3031FED79650016851F /* App */ = {
			isa = PBXNativeTarget;
			buildConfigurationList = 504EC3161FED79650016851F /* Build configuration list for PBXNativeTarget "App" */;
			buildPhases = (
				6634F4EFEBD30273BCE97C65 /* [CP] Check Pods Manifest.lock */,
				504EC3001FED79650016851F /* Sources */,
				504EC3011FED79650016851F /* Frameworks */,
				504EC3021FED79650016851F /* Resources */,
				9592DBEFFC6D2A0C8D5DEB22 /* [CP] Embed Pods Frameworks */,
				B7151E262BB9A2B44424A8F9 /* Embed App Extensions */,
			);
			buildRules = (
			);
			dependencies = (
				9E3390DEEFA35DFB75A11679 /* PBXTargetDependency */,
			);
			name = App;
			productName = App;
			productReference = 504EC3041FED79650016851F /* App.app */;
			productType = "com.apple.product-type.application";
		};
		AF61DFBD567FB14FF268EF60 /* ExpenseWidgetsExtension */ = {
			isa = PBXNativeTarget;
			buildConfigurationList = 8B78E04130689587BF1079CC /* Build configuration list for PBXNativeTarget "ExpenseWidgetsExtension" */;
			buildPhases = (
				43331672C9CDB403AE45E1A9 /* Sources */,
				79DF72322241738FBACB1606 /* Frameworks */,
				BF822C854127EC37841EA446 /* Resources */,
			);
			buildRules = (
			);
			dependencies = (
			);
			name = ExpenseWidgetsExtension;
			productName = ExpenseWidgetsExtension;
			productReference = A4B5605CDDBCEF0B1EE14503 /* ExpenseWidgetsExtension.appex */;
			productType = "com.apple.product-type.app-extension";
		};
/* End PBXNativeTarget section */

/* Begin PBXProject section */
		504EC2FC1FED79650016851F /* Project object */ = {
			isa = PBXProject;
			attributes = {
				LastSwiftUpdateCheck = 0920;
				LastUpgradeCheck = 0920;
				TargetAttributes = {
					504EC3031FED79650016851F = {
						CreatedOnToolsVersion = 9.2;
						LastSwiftMigration = 1100;
						ProvisioningStyle = Automatic;
					};
				};
			};
			buildConfigurationList = 504EC2FF1FED79650016851F /* Build configuration list for PBXProject "App" */;
			compatibilityVersion = "Xcode 8.0";
			developmentRegion = en;
			hasScannedForEncodings = 0;
			knownRegions = (
				en,
				Base,
			);
			mainGroup = 504EC2FB1FED79650016851F;
			productRefGroup = 504EC3051FED79650016851F /* Products */;
			projectDirPath = "";
			projectRoot = "";
			targets = (
				504EC3031FED79650016851F /* App */,
				AF61DFBD567FB14FF268EF60 /* ExpenseWidgetsExtension */,
			);
		};
/* End PBXProject section */

/* Begin PBXResourcesBuildPhase section */
		504EC3021FED79650016851F /* Resources */ = {
			isa = PBXResourcesBuildPhase;
			buildActionMask = 2147483647;
			files = (
				504EC3121FED79650016851F /* LaunchScreen.storyboard in Resources */,
				50B271D11FEDC1A000F3C39B /* public in Resources */,
				504EC30F1FED79650016851F /* Assets.xcassets in Resources */,
				50379B232058CBB4000EE86E /* capacitor.config.json in Resources */,
				504EC30D1FED79650016851F /* Main.storyboard in Resources */,
				2FAD9763203C412B000D30F8 /* config.xml in Resources */,
			);
			runOnlyForDeploymentPostprocessing = 0;
		};
		BF822C854127EC37841EA446 /* Resources */ = {
			isa = PBXResourcesBuildPhase;
			buildActionMask = 2147483647;
			files = (
			);
			runOnlyForDeploymentPostprocessing = 0;
		};
/* End PBXResourcesBuildPhase section */

/* Begin PBXShellScriptBuildPhase section */
		6634F4EFEBD30273BCE97C65 /* [CP] Check Pods Manifest.lock */ = {
			isa = PBXShellScriptBuildPhase;
			buildActionMask = 2147483647;
			files = (
			);
			inputPaths = (
				"${PODS_PODFILE_DIR_PATH}/Podfile.lock",
				"${PODS_ROOT}/Manifest.lock",
			);
			name = "[CP] Check Pods Manifest.lock";
			outputPaths = (
				"$(DERIVED_FILE_DIR)/Pods-App-checkManifestLockResult.txt",
			);
			runOnlyForDeploymentPostprocessing = 0;
			shellPath = /bin/sh;
			shellScript = "diff \"${PODS_PODFILE_DIR_PATH}/Podfile.lock\" \"${PODS_ROOT}/Manifest.lock\" > /dev/null\nif [ $? != 0 ] ; then\n    # print error to STDERR\n    echo \"error: The sandbox is not in sync with the Podfile.lock. Run 'pod install' or update your CocoaPods installation.\" >&2\n    exit 1\nfi\n# This output is used by Xcode 'outputs' to avoid re-running this script phase.\necho \"SUCCESS\" > \"${SCRIPT_OUTPUT_FILE_0}\"\n";
			showEnvVarsInLog = 0;
		};
		9592DBEFFC6D2A0C8D5DEB22 /* [CP] Embed Pods Frameworks */ = {
			isa = PBXShellScriptBuildPhase;
			buildActionMask = 2147483647;
			files = (
			);
			inputPaths = (
			);
			name = "[CP] Embed Pods Frameworks";
			outputPaths = (
			);
			runOnlyForDeploymentPostprocessing = 0;
			shellPath = /bin/sh;
			shellScript = "\"${PODS_ROOT}/Target Support Files/Pods-App/Pods-App-frameworks.sh\"\n";
			showEnvVarsInLog = 0;
		};
/* End PBXShellScriptBuildPhase section */

/* Begin PBXSourcesBuildPhase section */
		43331672C9CDB403AE45E1A9 /* Sources */ = {
			isa = PBXSourcesBuildPhase;
			buildActionMask = 2147483647;
			files = (
				B8698AD028DDDA9043B861FF /* ExpenseWidgetBundle.swift in Sources */,
				100E7F198C7B23A505F1F714 /* BarcodeWidget.swift in Sources */,
				B35A5E36C6FF7558A9DD7D11 /* BudgetWidget.swift in Sources */,
				FD3BEB39A204BD9AEC987AAF /* QuickActionWidget.swift in Sources */,
				A70E0507DE322D86B25F4B65 /* WidgetSharedData.swift in Sources */,
			);
			runOnlyForDeploymentPostprocessing = 0;
		};
		504EC3001FED79650016851F /* Sources */ = {
			isa = PBXSourcesBuildPhase;
			buildActionMask = 2147483647;
			files = (
				504EC3081FED79650016851F /* AppDelegate.swift in Sources */,
				B7E1888F15D587D24642622C /* WidgetBridgePlugin.swift in Sources */,
				FDF683A86249F7D735186117 /* WidgetBridgePlugin.m in Sources */,
			);
			runOnlyForDeploymentPostprocessing = 0;
		};
/* End PBXSourcesBuildPhase section */

/* Begin PBXTargetDependency section */
		9E3390DEEFA35DFB75A11679 /* PBXTargetDependency */ = {
			isa = PBXTargetDependency;
			name = ExpenseWidgetsExtension;
			target = AF61DFBD567FB14FF268EF60 /* ExpenseWidgetsExtension */;
			targetProxy = BD033E91DEE6ACC663CAA432 /* PBXContainerItemProxy */;
		};
/* End PBXTargetDependency section */

/* Begin PBXVariantGroup section */
		504EC30B1FED79650016851F /* Main.storyboard */ = {
			isa = PBXVariantGroup;
			children = (
				504EC30C1FED79650016851F /* Base */,
			);
			name = Main.storyboard;
			sourceTree = "<group>";
		};
		504EC3101FED79650016851F /* LaunchScreen.storyboard */ = {
			isa = PBXVariantGroup;
			children = (
				504EC3111FED79650016851F /* Base */,
			);
			name = LaunchScreen.storyboard;
			sourceTree = "<group>";
		};
/* End PBXVariantGroup section */

/* Begin XCBuildConfiguration section */
		18202F9A0973F3B109A544FF /* Release */ = {
			isa = XCBuildConfiguration;
			buildSettings = {
				CLANG_ENABLE_OBJC_WEAK = NO;
				CODE_SIGNING_ALLOWED = NO;
				CODE_SIGNING_REQUIRED = NO;
				CODE_SIGN_IDENTITY = "";
				CURRENT_PROJECT_VERSION = 1;
				DEVELOPMENT_TEAM = "";
				INFOPLIST_FILE = ExpenseWidgets/Info.plist;
				IPHONEOS_DEPLOYMENT_TARGET = 15.0;
				MARKETING_VERSION = 1.0;
				PRODUCT_BUNDLE_IDENTIFIER = com.zhizhangkun.app.ExpenseWidgets;
				PRODUCT_NAME = "$(TARGET_NAME)";
				SDKROOT = iphoneos;
				SKIP_INSTALL = YES;
				SWIFT_VERSION = 5.0;
				TARGETED_DEVICE_FAMILY = "1,2";
				VALIDATE_PRODUCT = YES;
			};
			name = Release;
		};
		504EC3141FED79650016851F /* Debug */ = {
			isa = XCBuildConfiguration;
			buildSettings = {
				ALWAYS_SEARCH_USER_PATHS = NO;
				CLANG_ANALYZER_NONNULL = YES;
				CLANG_ANALYZER_NUMBER_OBJECT_CONVERSION = YES_AGGRESSIVE;
				CLANG_CXX_LANGUAGE_STANDARD = "gnu++14";
				CLANG_CXX_LIBRARY = "libc++";
				CLANG_ENABLE_MODULES = YES;
				CLANG_ENABLE_OBJC_ARC = YES;
				CLANG_WARN_BLOCK_CAPTURE_AUTORELEASING = YES;
				CLANG_WARN_BOOL_CONVERSION = YES;
				CLANG_WARN_COMMA = YES;
				CLANG_WARN_CONSTANT_CONVERSION = YES;
				CLANG_WARN_DIRECT_OBJC_ISA_USAGE = YES_ERROR;
				CLANG_WARN_DOCUMENTATION_COMMENTS = YES;
				CLANG_WARN_EMPTY_BODY = YES;
				CLANG_WARN_ENUM_CONVERSION = YES;
				CLANG_WARN_INFINITE_RECURSION = YES;
				CLANG_WARN_INT_CONVERSION = YES;
				CLANG_WARN_NON_LITERAL_NULL_CONVERSION = YES;
				CLANG_WARN_OBJC_LITERAL_CONVERSION = YES;
				CLANG_WARN_OBJC_ROOT_CLASS = YES_ERROR;
				CLANG_WARN_RANGE_LOOP_ANALYSIS = YES;
				CLANG_WARN_STRICT_PROTOTYPES = YES;
				CLANG_WARN_SUSPICIOUS_MOVE = YES;
				CLANG_WARN_UNGUARDED_AVAILABILITY = YES_AGGRESSIVE;
				CLANG_WARN_UNREACHABLE_CODE = YES;
				CLANG_WARN__DUPLICATE_METHOD_MATCH = YES;
				CODE_SIGN_IDENTITY = "iPhone Developer";
				COPY_PHASE_STRIP = NO;
				DEBUG_INFORMATION_FORMAT = dwarf;
				ENABLE_STRICT_OBJC_MSGSEND = YES;
				ENABLE_TESTABILITY = YES;
				GCC_C_LANGUAGE_STANDARD = gnu11;
				GCC_DYNAMIC_NO_PIC = NO;
				GCC_NO_COMMON_BLOCKS = YES;
				GCC_OPTIMIZATION_LEVEL = 0;
				GCC_PREPROCESSOR_DEFINITIONS = (
					"DEBUG=1",
					"$(inherited)",
				);
				GCC_WARN_64_TO_32_BIT_CONVERSION = YES;
				GCC_WARN_ABOUT_RETURN_TYPE = YES_ERROR;
				GCC_WARN_UNDECLARED_SELECTOR = YES;
				GCC_WARN_UNINITIALIZED_AUTOS = YES_AGGRESSIVE;
				GCC_WARN_UNUSED_FUNCTION = YES;
				GCC_WARN_UNUSED_VARIABLE = YES;
				IPHONEOS_DEPLOYMENT_TARGET = 14.0;
				MTL_ENABLE_DEBUG_INFO = YES;
				ONLY_ACTIVE_ARCH = YES;
				SDKROOT = iphoneos;
				SWIFT_ACTIVE_COMPILATION_CONDITIONS = DEBUG;
				SWIFT_OPTIMIZATION_LEVEL = "-Onone";
			};
			name = Debug;
		};
		504EC3151FED79650016851F /* Release */ = {
			isa = XCBuildConfiguration;
			buildSettings = {
				ALWAYS_SEARCH_USER_PATHS = NO;
				CLANG_ANALYZER_NONNULL = YES;
				CLANG_ANALYZER_NUMBER_OBJECT_CONVERSION = YES_AGGRESSIVE;
				CLANG_CXX_LANGUAGE_STANDARD = "gnu++14";
				CLANG_CXX_LIBRARY = "libc++";
				CLANG_ENABLE_MODULES = YES;
				CLANG_ENABLE_OBJC_ARC = YES;
				CLANG_WARN_BLOCK_CAPTURE_AUTORELEASING = YES;
				CLANG_WARN_BOOL_CONVERSION = YES;
				CLANG_WARN_COMMA = YES;
				CLANG_WARN_CONSTANT_CONVERSION = YES;
				CLANG_WARN_DIRECT_OBJC_ISA_USAGE = YES_ERROR;
				CLANG_WARN_DOCUMENTATION_COMMENTS = YES;
				CLANG_WARN_EMPTY_BODY = YES;
				CLANG_WARN_ENUM_CONVERSION = YES;
				CLANG_WARN_INFINITE_RECURSION = YES;
				CLANG_WARN_INT_CONVERSION = YES;
				CLANG_WARN_NON_LITERAL_NULL_CONVERSION = YES;
				CLANG_WARN_OBJC_LITERAL_CONVERSION = YES;
				CLANG_WARN_OBJC_ROOT_CLASS = YES_ERROR;
				CLANG_WARN_RANGE_LOOP_ANALYSIS = YES;
				CLANG_WARN_STRICT_PROTOTYPES = YES;
				CLANG_WARN_SUSPICIOUS_MOVE = YES;
				CLANG_WARN_UNGUARDED_AVAILABILITY = YES_AGGRESSIVE;
				CLANG_WARN_UNREACHABLE_CODE = YES;
				CLANG_WARN__DUPLICATE_METHOD_MATCH = YES;
				CODE_SIGN_IDENTITY = "iPhone Developer";
				COPY_PHASE_STRIP = NO;
				DEBUG_INFORMATION_FORMAT = "dwarf-with-dsym";
				ENABLE_NS_ASSERTIONS = NO;
				ENABLE_STRICT_OBJC_MSGSEND = YES;
				GCC_C_LANGUAGE_STANDARD = gnu11;
				GCC_NO_COMMON_BLOCKS = YES;
				GCC_WARN_64_TO_32_BIT_CONVERSION = YES;
				GCC_WARN_ABOUT_RETURN_TYPE = YES_ERROR;
				GCC_WARN_UNDECLARED_SELECTOR = YES;
				GCC_WARN_UNINITIALIZED_AUTOS = YES_AGGRESSIVE;
				GCC_WARN_UNUSED_FUNCTION = YES;
				GCC_WARN_UNUSED_VARIABLE = YES;
				IPHONEOS_DEPLOYMENT_TARGET = 14.0;
				MTL_ENABLE_DEBUG_INFO = NO;
				SDKROOT = iphoneos;
				SWIFT_OPTIMIZATION_LEVEL = "-Owholemodule";
				VALIDATE_PRODUCT = YES;
			};
			name = Release;
		};
		504EC3171FED79650016851F /* Debug */ = {
			isa = XCBuildConfiguration;
			baseConfigurationReference = FC68EB0AF532CFC21C3344DD /* Pods-App.debug.xcconfig */;
			buildSettings = {
				ASSETCATALOG_COMPILER_APPICON_NAME = AppIcon;
				CODE_SIGN_STYLE = Automatic;
				CURRENT_PROJECT_VERSION = 1;
				INFOPLIST_FILE = App/Info.plist;
				IPHONEOS_DEPLOYMENT_TARGET = 14.0;
				LD_RUNPATH_SEARCH_PATHS = "$(inherited) @executable_path/Frameworks";
				MARKETING_VERSION = 1.0;
				OTHER_SWIFT_FLAGS = "$(inherited) \"-D\" \"COCOAPODS\" \"-DDEBUG\"";
				PRODUCT_BUNDLE_IDENTIFIER = com.zhizhangkun.app;
				PRODUCT_NAME = "$(TARGET_NAME)";
				SWIFT_ACTIVE_COMPILATION_CONDITIONS = DEBUG;
				SWIFT_VERSION = 5.0;
				TARGETED_DEVICE_FAMILY = "1,2";
			};
			name = Debug;
		};
		504EC3181FED79650016851F /* Release */ = {
			isa = XCBuildConfiguration;
			baseConfigurationReference = AF51FD2D460BCFE21FA515B2 /* Pods-App.release.xcconfig */;
			buildSettings = {
				ASSETCATALOG_COMPILER_APPICON_NAME = AppIcon;
				CODE_SIGN_STYLE = Automatic;
				CURRENT_PROJECT_VERSION = 1;
				INFOPLIST_FILE = App/Info.plist;
				IPHONEOS_DEPLOYMENT_TARGET = 14.0;
				LD_RUNPATH_SEARCH_PATHS = "$(inherited) @executable_path/Frameworks";
				MARKETING_VERSION = 1.0;
				PRODUCT_BUNDLE_IDENTIFIER = com.zhizhangkun.app;
				PRODUCT_NAME = "$(TARGET_NAME)";
				SWIFT_ACTIVE_COMPILATION_CONDITIONS = "";
				SWIFT_VERSION = 5.0;
				TARGETED_DEVICE_FAMILY = "1,2";
			};
			name = Release;
		};
		D9F4FB8041C1E1134C8023E4 /* Debug */ = {
			isa = XCBuildConfiguration;
			buildSettings = {
				CLANG_ENABLE_OBJC_WEAK = NO;
				CODE_SIGNING_ALLOWED = NO;
				CODE_SIGNING_REQUIRED = NO;
				CODE_SIGN_IDENTITY = "";
				CURRENT_PROJECT_VERSION = 1;
				DEVELOPMENT_TEAM = "";
				INFOPLIST_FILE = ExpenseWidgets/Info.plist;
				IPHONEOS_DEPLOYMENT_TARGET = 15.0;
				MARKETING_VERSION = 1.0;
				PRODUCT_BUNDLE_IDENTIFIER = com.zhizhangkun.app.ExpenseWidgets;
				PRODUCT_NAME = "$(TARGET_NAME)";
				SDKROOT = iphoneos;
				SKIP_INSTALL = YES;
				SWIFT_VERSION = 5.0;
				TARGETED_DEVICE_FAMILY = "1,2";
			};
			name = Debug;
		};
/* End XCBuildConfiguration section */

/* Begin XCConfigurationList section */
		504EC2FF1FED79650016851F /* Build configuration list for PBXProject "App" */ = {
			isa = XCConfigurationList;
			buildConfigurations = (
				504EC3141FED79650016851F /* Debug */,
				504EC3151FED79650016851F /* Release */,
			);
			defaultConfigurationIsVisible = 0;
			defaultConfigurationName = Release;
		};
		504EC3161FED79650016851F /* Build configuration list for PBXNativeTarget "App" */ = {
			isa = XCConfigurationList;
			buildConfigurations = (
				504EC3171FED79650016851F /* Debug */,
				504EC3181FED79650016851F /* Release */,
			);
			defaultConfigurationIsVisible = 0;
			defaultConfigurationName = Release;
		};
		8B78E04130689587BF1079CC /* Build configuration list for PBXNativeTarget "ExpenseWidgetsExtension" */ = {
			isa = XCConfigurationList;
			buildConfigurations = (
				18202F9A0973F3B109A544FF /* Release */,
				D9F4FB8041C1E1134C8023E4 /* Debug */,
			);
			defaultConfigurationIsVisible = 0;
			defaultConfigurationName = Release;
		};
/* End XCConfigurationList section */
	};
	rootObject = 504EC2FC1FED79650016851F /* Project object */;
}
